// !$*UTF8*$!
{
	archiveVersion = 1;
	classes = {
	};
	objectVersion = 46;
	objects = {

/* Begin PBXBuildFile section */
		330867F31A7AA204004F96C1 /* Constants.swift in Sources */ = {isa = PBXBuildFile; fileRef = 330867F21A7AA204004F96C1 /* Constants.swift */; };
		33976FC71A76C4E3005C8F9B /* AppDelegate.swift in Sources */ = {isa = PBXBuildFile; fileRef = 33976FC61A76C4E3005C8F9B /* AppDelegate.swift */; };
		33976FCA1A76C4E3005C8F9B /* iLearn.xcdatamodeld in Sources */ = {isa = PBXBuildFile; fileRef = 33976FC81A76C4E3005C8F9B /* iLearn.xcdatamodeld */; };
		33976FCC1A76C4E3005C8F9B /* LoginController.swift in Sources */ = {isa = PBXBuildFile; fileRef = 33976FCB1A76C4E3005C8F9B /* LoginController.swift */; };
		33976FCF1A76C4E3005C8F9B /* Main.storyboard in Resources */ = {isa = PBXBuildFile; fileRef = 33976FCD1A76C4E3005C8F9B /* Main.storyboard */; };
		33976FD11A76C4E3005C8F9B /* Images.xcassets in Resources */ = {isa = PBXBuildFile; fileRef = 33976FD01A76C4E3005C8F9B /* Images.xcassets */; };
		33976FD41A76C4E3005C8F9B /* LaunchScreen.xib in Resources */ = {isa = PBXBuildFile; fileRef = 33976FD21A76C4E3005C8F9B /* LaunchScreen.xib */; };
		33976FE01A76C4E3005C8F9B /* iLearnTests.swift in Sources */ = {isa = PBXBuildFile; fileRef = 33976FDF1A76C4E3005C8F9B /* iLearnTests.swift */; };
		3397D0BB1A80847000291897 /* cancel-white.png in Resources */ = {isa = PBXBuildFile; fileRef = 3397D0BA1A80847000291897 /* cancel-white.png */; };
		33D3552B1A7B0A9500441D04 /* SessionVars.swift in Sources */ = {isa = PBXBuildFile; fileRef = 33D3552A1A7B0A9500441D04 /* SessionVars.swift */; };
		33D3552E1A7B33CB00441D04 /* APICaller.swift in Sources */ = {isa = PBXBuildFile; fileRef = 33D3552D1A7B33CB00441D04 /* APICaller.swift */; };
		33FCD49C1A79CE130082CC08 /* LoginCell.xib in Resources */ = {isa = PBXBuildFile; fileRef = 33FCD49B1A79CE130082CC08 /* LoginCell.xib */; };
		33FCD49E1A79CE980082CC08 /* SeparatorLine.png in Resources */ = {isa = PBXBuildFile; fileRef = 33FCD49D1A79CE980082CC08 /* SeparatorLine.png */; };
		33FCD4A11A79D92E0082CC08 /* LoginCell.swift in Sources */ = {isa = PBXBuildFile; fileRef = 33FCD4A01A79D92E0082CC08 /* LoginCell.swift */; };
/* End PBXBuildFile section */

/* Begin PBXContainerItemProxy section */
		33976FDA1A76C4E3005C8F9B /* PBXContainerItemProxy */ = {
			isa = PBXContainerItemProxy;
			containerPortal = 33976FB91A76C4E3005C8F9B /* Project object */;
			proxyType = 1;
			remoteGlobalIDString = 33976FC01A76C4E3005C8F9B;
			remoteInfo = iLearn;
		};
/* End PBXContainerItemProxy section */

/* Begin PBXFileReference section */
		330867F21A7AA204004F96C1 /* Constants.swift */ = {isa = PBXFileReference; fileEncoding = 4; lastKnownFileType = sourcecode.swift; path = Constants.swift; sourceTree = "<group>"; };
		33976FC11A76C4E3005C8F9B /* iLearn.app */ = {isa = PBXFileReference; explicitFileType = wrapper.application; includeInIndex = 0; path = iLearn.app; sourceTree = BUILT_PRODUCTS_DIR; };
		33976FC51A76C4E3005C8F9B /* Info.plist */ = {isa = PBXFileReference; lastKnownFileType = text.plist.xml; path = Info.plist; sourceTree = "<group>"; };
		33976FC61A76C4E3005C8F9B /* AppDelegate.swift */ = {isa = PBXFileReference; lastKnownFileType = sourcecode.swift; path = AppDelegate.swift; sourceTree = "<group>"; };
		33976FC91A76C4E3005C8F9B /* iLearn.xcdatamodel */ = {isa = PBXFileReference; lastKnownFileType = wrapper.xcdatamodel; path = iLearn.xcdatamodel; sourceTree = "<group>"; };
		33976FCB1A76C4E3005C8F9B /* LoginController.swift */ = {isa = PBXFileReference; lastKnownFileType = sourcecode.swift; path = LoginController.swift; sourceTree = "<group>"; };
		33976FCE1A76C4E3005C8F9B /* Base */ = {isa = PBXFileReference; lastKnownFileType = file.storyboard; name = Base; path = Base.lproj/Main.storyboard; sourceTree = "<group>"; };
		33976FD01A76C4E3005C8F9B /* Images.xcassets */ = {isa = PBXFileReference; lastKnownFileType = folder.assetcatalog; path = Images.xcassets; sourceTree = "<group>"; };
		33976FD31A76C4E3005C8F9B /* Base */ = {isa = PBXFileReference; lastKnownFileType = file.xib; name = Base; path = Base.lproj/LaunchScreen.xib; sourceTree = "<group>"; };
		33976FD91A76C4E3005C8F9B /* iLearnTests.xctest */ = {isa = PBXFileReference; explicitFileType = wrapper.cfbundle; includeInIndex = 0; path = iLearnTests.xctest; sourceTree = BUILT_PRODUCTS_DIR; };
		33976FDE1A76C4E3005C8F9B /* Info.plist */ = {isa = PBXFileReference; lastKnownFileType = text.plist.xml; path = Info.plist; sourceTree = "<group>"; };
		33976FDF1A76C4E3005C8F9B /* iLearnTests.swift */ = {isa = PBXFileReference; lastKnownFileType = sourcecode.swift; path = iLearnTests.swift; sourceTree = "<group>"; };
		3397D0BA1A80847000291897 /* cancel-white.png */ = {isa = PBXFileReference; lastKnownFileType = image.png; name = "cancel-white.png"; path = "images/cancel-white.png"; sourceTree = "<group>"; };
		33D3552A1A7B0A9500441D04 /* SessionVars.swift */ = {isa = PBXFileReference; fileEncoding = 4; lastKnownFileType = sourcecode.swift; path = SessionVars.swift; sourceTree = "<group>"; };
		33D3552D1A7B33CB00441D04 /* APICaller.swift */ = {isa = PBXFileReference; fileEncoding = 4; lastKnownFileType = sourcecode.swift; path = APICaller.swift; sourceTree = "<group>"; };
		33FCD49B1A79CE130082CC08 /* LoginCell.xib */ = {isa = PBXFileReference; fileEncoding = 4; lastKnownFileType = file.xib; path = LoginCell.xib; sourceTree = "<group>"; };
		33FCD49D1A79CE980082CC08 /* SeparatorLine.png */ = {isa = PBXFileReference; lastKnownFileType = image.png; name = SeparatorLine.png; path = images/SeparatorLine.png; sourceTree = "<group>"; };
		33FCD4A01A79D92E0082CC08 /* LoginCell.swift */ = {isa = PBXFileReference; fileEncoding = 4; lastKnownFileType = sourcecode.swift; path = LoginCell.swift; sourceTree = "<group>"; };
/* End PBXFileReference section */

/* Begin PBXFrameworksBuildPhase section */
		33976FBE1A76C4E3005C8F9B /* Frameworks */ = {
			isa = PBXFrameworksBuildPhase;
			buildActionMask = 2147483647;
			files = (
			);
			runOnlyForDeploymentPostprocessing = 0;
		};
		33976FD61A76C4E3005C8F9B /* Frameworks */ = {
			isa = PBXFrameworksBuildPhase;
			buildActionMask = 2147483647;
			files = (
			);
			runOnlyForDeploymentPostprocessing = 0;
		};
/* End PBXFrameworksBuildPhase section */

/* Begin PBXGroup section */
		33976FB81A76C4E3005C8F9B = {
			isa = PBXGroup;
			children = (
				33976FC31A76C4E3005C8F9B /* iLearn */,
				33976FDC1A76C4E3005C8F9B /* iLearnTests */,
				33976FC21A76C4E3005C8F9B /* Products */,
			);
			sourceTree = "<group>";
		};
		33976FC21A76C4E3005C8F9B /* Products */ = {
			isa = PBXGroup;
			children = (
				33976FC11A76C4E3005C8F9B /* iLearn.app */,
				33976FD91A76C4E3005C8F9B /* iLearnTests.xctest */,
			);
			name = Products;
			sourceTree = "<group>";
		};
		33976FC31A76C4E3005C8F9B /* iLearn */ = {
			isa = PBXGroup;
			children = (
				33D3552F1A7B33D600441D04 /* Function */,
				33FCD4981A79CDC50082CC08 /* UI */,
				33976FC61A76C4E3005C8F9B /* AppDelegate.swift */,
				33976FCB1A76C4E3005C8F9B /* LoginController.swift */,
				33976FCD1A76C4E3005C8F9B /* Main.storyboard */,
				33976FD01A76C4E3005C8F9B /* Images.xcassets */,
				33976FD21A76C4E3005C8F9B /* LaunchScreen.xib */,
				33976FC81A76C4E3005C8F9B /* iLearn.xcdatamodeld */,
				33976FC41A76C4E3005C8F9B /* Supporting Files */,
				330867F21A7AA204004F96C1 /* Constants.swift */,
			);
			path = iLearn;
			sourceTree = "<group>";
		};
		33976FC41A76C4E3005C8F9B /* Supporting Files */ = {
			isa = PBXGroup;
			children = (
				33FCD49D1A79CE980082CC08 /* SeparatorLine.png */,
				3397D0BA1A80847000291897 /* cancel-white.png */,
				33976FC51A76C4E3005C8F9B /* Info.plist */,
			);
			name = "Supporting Files";
			sourceTree = "<group>";
		};
		33976FDC1A76C4E3005C8F9B /* iLearnTests */ = {
			isa = PBXGroup;
			children = (
				33976FDF1A76C4E3005C8F9B /* iLearnTests.swift */,
				33976FDD1A76C4E3005C8F9B /* Supporting Files */,
			);
			path = iLearnTests;
			sourceTree = "<group>";
		};
		33976FDD1A76C4E3005C8F9B /* Supporting Files */ = {
			isa = PBXGroup;
			children = (
				33976FDE1A76C4E3005C8F9B /* Info.plist */,
			);
			name = "Supporting Files";
			sourceTree = "<group>";
		};
		33D3552F1A7B33D600441D04 /* Function */ = {
			isa = PBXGroup;
			children = (
				33D3552A1A7B0A9500441D04 /* SessionVars.swift */,
				33D3552D1A7B33CB00441D04 /* APICaller.swift */,
			);
			name = Function;
			sourceTree = "<group>";
		};
		33FCD4981A79CDC50082CC08 /* UI */ = {
			isa = PBXGroup;
			children = (
				33FCD49F1A79D90E0082CC08 /* Login */,
			);
			name = UI;
			sourceTree = "<group>";
		};
		33FCD49F1A79D90E0082CC08 /* Login */ = {
			isa = PBXGroup;
			children = (
				33FCD49B1A79CE130082CC08 /* LoginCell.xib */,
				33FCD4A01A79D92E0082CC08 /* LoginCell.swift */,
			);
			name = Login;
			sourceTree = "<group>";
		};
/* End PBXGroup section */

/* Begin PBXNativeTarget section */
		33976FC01A76C4E3005C8F9B /* iLearn */ = {
			isa = PBXNativeTarget;
			buildConfigurationList = 33976FE31A76C4E3005C8F9B /* Build configuration list for PBXNativeTarget "iLearn" */;
			buildPhases = (
				33976FBD1A76C4E3005C8F9B /* Sources */,
				33976FBE1A76C4E3005C8F9B /* Frameworks */,
				33976FBF1A76C4E3005C8F9B /* Resources */,
			);
			buildRules = (
			);
			dependencies = (
			);
			name = iLearn;
			productName = iLearn;
			productReference = 33976FC11A76C4E3005C8F9B /* iLearn.app */;
			productType = "com.apple.product-type.application";
		};
		33976FD81A76C4E3005C8F9B /* iLearnTests */ = {
			isa = PBXNativeTarget;
			buildConfigurationList = 33976FE61A76C4E3005C8F9B /* Build configuration list for PBXNativeTarget "iLearnTests" */;
			buildPhases = (
				33976FD51A76C4E3005C8F9B /* Sources */,
				33976FD61A76C4E3005C8F9B /* Frameworks */,
				33976FD71A76C4E3005C8F9B /* Resources */,
			);
			buildRules = (
			);
			dependencies = (
				33976FDB1A76C4E3005C8F9B /* PBXTargetDependency */,
			);
			name = iLearnTests;
			productName = iLearnTests;
			productReference = 33976FD91A76C4E3005C8F9B /* iLearnTests.xctest */;
			productType = "com.apple.product-type.bundle.unit-test";
		};
/* End PBXNativeTarget section */

/* Begin PBXProject section */
		33976FB91A76C4E3005C8F9B /* Project object */ = {
			isa = PBXProject;
			attributes = {
				LastUpgradeCheck = 0610;
				ORGANIZATIONNAME = "Timothy Tong";
				TargetAttributes = {
					33976FC01A76C4E3005C8F9B = {
						CreatedOnToolsVersion = 6.1.1;
						DevelopmentTeam = 7A7W77CD74;
					};
					33976FD81A76C4E3005C8F9B = {
						CreatedOnToolsVersion = 6.1.1;
						TestTargetID = 33976FC01A76C4E3005C8F9B;
					};
				};
			};
			buildConfigurationList = 33976FBC1A76C4E3005C8F9B /* Build configuration list for PBXProject "iLearn" */;
			compatibilityVersion = "Xcode 3.2";
			developmentRegion = English;
			hasScannedForEncodings = 0;
			knownRegions = (
				en,
				Base,
			);
			mainGroup = 33976FB81A76C4E3005C8F9B;
			productRefGroup = 33976FC21A76C4E3005C8F9B /* Products */;
			projectDirPath = "";
			projectRoot = "";
			targets = (
				33976FC01A76C4E3005C8F9B /* iLearn */,
				33976FD81A76C4E3005C8F9B /* iLearnTests */,
			);
		};
/* End PBXProject section */

/* Begin PBXResourcesBuildPhase section */
		33976FBF1A76C4E3005C8F9B /* Resources */ = {
			isa = PBXResourcesBuildPhase;
			buildActionMask = 2147483647;
			files = (
				33FCD49E1A79CE980082CC08 /* SeparatorLine.png in Resources */,
				33976FCF1A76C4E3005C8F9B /* Main.storyboard in Resources */,
				33FCD49C1A79CE130082CC08 /* LoginCell.xib in Resources */,
				33976FD41A76C4E3005C8F9B /* LaunchScreen.xib in Resources */,
				33976FD11A76C4E3005C8F9B /* Images.xcassets in Resources */,
				3397D0BB1A80847000291897 /* cancel-white.png in Resources */,
			);
			runOnlyForDeploymentPostprocessing = 0;
		};
		33976FD71A76C4E3005C8F9B /* Resources */ = {
			isa = PBXResourcesBuildPhase;
			buildActionMask = 2147483647;
			files = (
			);
			runOnlyForDeploymentPostprocessing = 0;
		};
/* End PBXResourcesBuildPhase section */

/* Begin PBXSourcesBuildPhase section */
		33976FBD1A76C4E3005C8F9B /* Sources */ = {
			isa = PBXSourcesBuildPhase;
			buildActionMask = 2147483647;
			files = (
				330867F31A7AA204004F96C1 /* Constants.swift in Sources */,
				33976FCC1A76C4E3005C8F9B /* LoginController.swift in Sources */,
				33D3552B1A7B0A9500441D04 /* SessionVars.swift in Sources */,
				33D3552E1A7B33CB00441D04 /* APICaller.swift in Sources */,
				33976FCA1A76C4E3005C8F9B /* iLearn.xcdatamodeld in Sources */,
				33976FC71A76C4E3005C8F9B /* AppDelegate.swift in Sources */,
				33FCD4A11A79D92E0082CC08 /* LoginCell.swift in Sources */,
			);
			runOnlyForDeploymentPostprocessing = 0;
		};
		33976FD51A76C4E3005C8F9B /* Sources */ = {
			isa = PBXSourcesBuildPhase;
			buildActionMask = 2147483647;
			files = (
				33976FE01A76C4E3005C8F9B /* iLearnTests.swift in Sources */,
			);
			runOnlyForDeploymentPostprocessing = 0;
		};
/* End PBXSourcesBuildPhase section */

/* Begin PBXTargetDependency section */
		33976FDB1A76C4E3005C8F9B /* PBXTargetDependency */ = {
			isa = PBXTargetDependency;
			target = 33976FC01A76C4E3005C8F9B /* iLearn */;
			targetProxy = 33976FDA1A76C4E3005C8F9B /* PBXContainerItemProxy */;
		};
/* End PBXTargetDependency section */

/* Begin PBXVariantGroup section */
		33976FCD1A76C4E3005C8F9B /* Main.storyboard */ = {
			isa = PBXVariantGroup;
			children = (
				33976FCE1A76C4E3005C8F9B /* Base */,
			);
			name = Main.storyboard;
			sourceTree = "<group>";
		};
		33976FD21A76C4E3005C8F9B /* LaunchScreen.xib */ = {
			isa = PBXVariantGroup;
			children = (
				33976FD31A76C4E3005C8F9B /* Base */,
			);
			name = LaunchScreen.xib;
			sourceTree = "<group>";
		};
/* End PBXVariantGroup section */

/* Begin XCBuildConfiguration section */
		33976FE11A76C4E3005C8F9B /* Debug */ = {
			isa = XCBuildConfiguration;
			buildSettings = {
				ALWAYS_SEARCH_USER_PATHS = NO;
				CLANG_CXX_LANGUAGE_STANDARD = "gnu++0x";
				CLANG_CXX_LIBRARY = "libc++";
				CLANG_ENABLE_MODULES = YES;
				CLANG_ENABLE_OBJC_ARC = YES;
				CLANG_WARN_BOOL_CONVERSION = YES;
				CLANG_WARN_CONSTANT_CONVERSION = YES;
				CLANG_WARN_DIRECT_OBJC_ISA_USAGE = YES_ERROR;
				CLANG_WARN_EMPTY_BODY = YES;
				CLANG_WARN_ENUM_CONVERSION = YES;
				CLANG_WARN_INT_CONVERSION = YES;
				CLANG_WARN_OBJC_ROOT_CLASS = YES_ERROR;
				CLANG_WARN_UNREACHABLE_CODE = YES;
				CLANG_WARN__DUPLICATE_METHOD_MATCH = YES;
				"CODE_SIGN_IDENTITY[sdk=iphoneos*]" = "iPhone Developer";
				COPY_PHASE_STRIP = NO;
				ENABLE_STRICT_OBJC_MSGSEND = YES;
				GCC_C_LANGUAGE_STANDARD = gnu99;
				GCC_DYNAMIC_NO_PIC = NO;
				GCC_OPTIMIZATION_LEVEL = 0;
				GCC_PREPROCESSOR_DEFINITIONS = (
					"DEBUG=1",
					"$(inherited)",
				);
				GCC_SYMBOLS_PRIVATE_EXTERN = NO;
				GCC_WARN_64_TO_32_BIT_CONVERSION = YES;
				GCC_WARN_ABOUT_RETURN_TYPE = YES_ERROR;
				GCC_WARN_UNDECLARED_SELECTOR = YES;
				GCC_WARN_UNINITIALIZED_AUTOS = YES_AGGRESSIVE;
				GCC_WARN_UNUSED_FUNCTION = YES;
				GCC_WARN_UNUSED_VARIABLE = YES;
				IPHONEOS_DEPLOYMENT_TARGET = 8.1;
				MTL_ENABLE_DEBUG_INFO = YES;
				ONLY_ACTIVE_ARCH = YES;
				SDKROOT = iphoneos;
				SWIFT_OPTIMIZATION_LEVEL = "-Onone";
				TARGETED_DEVICE_FAMILY = "1,2";
			};
			name = Debug;
		};
		33976FE21A76C4E3005C8F9B /* Release */ = {
			isa = XCBuildConfiguration;
			buildSettings = {
				ALWAYS_SEARCH_USER_PATHS = NO;
				CLANG_CXX_LANGUAGE_STANDARD = "gnu++0x";
				CLANG_CXX_LIBRARY = "libc++";
				CLANG_ENABLE_MODULES = YES;
				CLANG_ENABLE_OBJC_ARC = YES;
				CLANG_WARN_BOOL_CONVERSION = YES;
				CLANG_WARN_CONSTANT_CONVERSION = YES;
				CLANG_WARN_DIRECT_OBJC_ISA_USAGE = YES_ERROR;
				CLANG_WARN_EMPTY_BODY = YES;
				CLANG_WARN_ENUM_CONVERSION = YES;
				CLANG_WARN_INT_CONVERSION = YES;
				CLANG_WARN_OBJC_ROOT_CLASS = YES_ERROR;
				CLANG_WARN_UNREACHABLE_CODE = YES;
				CLANG_WARN__DUPLICATE_METHOD_MATCH = YES;
				"CODE_SIGN_IDENTITY[sdk=iphoneos*]" = "iPhone Developer";
				COPY_PHASE_STRIP = YES;
				ENABLE_NS_ASSERTIONS = NO;
				ENABLE_STRICT_OBJC_MSGSEND = YES;
				GCC_C_LANGUAGE_STANDARD = gnu99;
				GCC_WARN_64_TO_32_BIT_CONVERSION = YES;
				GCC_WARN_ABOUT_RETURN_TYPE = YES_ERROR;
				GCC_WARN_UNDECLARED_SELECTOR = YES;
				GCC_WARN_UNINITIALIZED_AUTOS = YES_AGGRESSIVE;
				GCC_WARN_UNUSED_FUNCTION = YES;
				GCC_WARN_UNUSED_VARIABLE = YES;
				IPHONEOS_DEPLOYMENT_TARGET = 8.1;
				MTL_ENABLE_DEBUG_INFO = NO;
				SDKROOT = iphoneos;
				TARGETED_DEVICE_FAMILY = "1,2";
				VALIDATE_PRODUCT = YES;
			};
			name = Release;
		};
		33976FE41A76C4E3005C8F9B /* Debug */ = {
			isa = XCBuildConfiguration;
			buildSettings = {
				ASSETCATALOG_COMPILER_APPICON_NAME = AppIcon;
				CODE_SIGN_IDENTITY = "iPhone Developer";
				"CODE_SIGN_IDENTITY[sdk=iphoneos*]" = "iPhone Developer";
				INFOPLIST_FILE = iLearn/Info.plist;
				LD_RUNPATH_SEARCH_PATHS = "$(inherited) @executable_path/Frameworks";
				PRODUCT_NAME = "$(TARGET_NAME)";
				PROVISIONING_PROFILE = "";
			};
			name = Debug;
		};
		33976FE51A76C4E3005C8F9B /* Release */ = {
			isa = XCBuildConfiguration;
			buildSettings = {
				ASSETCATALOG_COMPILER_APPICON_NAME = AppIcon;
				CODE_SIGN_IDENTITY = "iPhone Developer";
				"CODE_SIGN_IDENTITY[sdk=iphoneos*]" = "iPhone Developer";
				INFOPLIST_FILE = iLearn/Info.plist;
				LD_RUNPATH_SEARCH_PATHS = "$(inherited) @executable_path/Frameworks";
				PRODUCT_NAME = "$(TARGET_NAME)";
				PROVISIONING_PROFILE = "";
			};
			name = Release;
		};
		33976FE71A76C4E3005C8F9B /* Debug */ = {
			isa = XCBuildConfiguration;
			buildSettings = {
				BUNDLE_LOADER = "$(TEST_HOST)";
				FRAMEWORK_SEARCH_PATHS = (
					"$(SDKROOT)/Developer/Library/Frameworks",
					"$(inherited)",
				);
				GCC_PREPROCESSOR_DEFINITIONS = (
					"DEBUG=1",
					"$(inherited)",
				);
				INFOPLIST_FILE = iLearnTests/Info.plist;
				LD_RUNPATH_SEARCH_PATHS = "$(inherited) @executable_path/Frameworks @loader_path/Frameworks";
				PRODUCT_NAME = "$(TARGET_NAME)";
				TEST_HOST = "$(BUILT_PRODUCTS_DIR)/iLearn.app/iLearn";
			};
			name = Debug;
		};
		33976FE81A76C4E3005C8F9B /* Release */ = {
			isa = XCBuildConfiguration;
			buildSettings = {
				BUNDLE_LOADER = "$(TEST_HOST)";
				FRAMEWORK_SEARCH_PATHS = (
					"$(SDKROOT)/Developer/Library/Frameworks",
					"$(inherited)",
				);
				INFOPLIST_FILE = iLearnTests/Info.plist;
				LD_RUNPATH_SEARCH_PATHS = "$(inherited) @executable_path/Frameworks @loader_path/Frameworks";
				PRODUCT_NAME = "$(TARGET_NAME)";
				TEST_HOST = "$(BUILT_PRODUCTS_DIR)/iLearn.app/iLearn";
			};
			name = Release;
		};
/* End XCBuildConfiguration section */

/* Begin XCConfigurationList section */
		33976FBC1A76C4E3005C8F9B /* Build configuration list for PBXProject "iLearn" */ = {
			isa = XCConfigurationList;
			buildConfigurations = (
				33976FE11A76C4E3005C8F9B /* Debug */,
				33976FE21A76C4E3005C8F9B /* Release */,
			);
			defaultConfigurationIsVisible = 0;
			defaultConfigurationName = Release;
		};
		33976FE31A76C4E3005C8F9B /* Build configuration list for PBXNativeTarget "iLearn" */ = {
			isa = XCConfigurationList;
			buildConfigurations = (
				33976FE41A76C4E3005C8F9B /* Debug */,
				33976FE51A76C4E3005C8F9B /* Release */,
			);
			defaultConfigurationIsVisible = 0;
			defaultConfigurationName = Release;
		};
		33976FE61A76C4E3005C8F9B /* Build configuration list for PBXNativeTarget "iLearnTests" */ = {
			isa = XCConfigurationList;
			buildConfigurations = (
				33976FE71A76C4E3005C8F9B /* Debug */,
				33976FE81A76C4E3005C8F9B /* Release */,
			);
			defaultConfigurationIsVisible = 0;
			defaultConfigurationName = Release;
		};
/* End XCConfigurationList section */

/* Begin XCVersionGroup section */
		33976FC81A76C4E3005C8F9B /* iLearn.xcdatamodeld */ = {
			isa = XCVersionGroup;
			children = (
				33976FC91A76C4E3005C8F9B /* iLearn.xcdatamodel */,
			);
			currentVersion = 33976FC91A76C4E3005C8F9B /* iLearn.xcdatamodel */;
			path = iLearn.xcdatamodeld;
			sourceTree = "<group>";
			versionGroupType = wrapper.xcdatamodel;
		};
/* End XCVersionGroup section */
	};
	rootObject = 33976FB91A76C4E3005C8F9B /* Project object */;
}
